// !$*UTF8*$!
{
	archiveVersion = 1;
	classes = {
	};
	objectVersion = 46;
	objects = {

/* Begin PBXBuildFile section */
		0027420C1CC1B1BB00E47F1F /* iAd.framework in Frameworks */ = {isa = PBXBuildFile; fileRef = 0027420B1CC1B1BB00E47F1F /* iAd.framework */; };
		002742151CC1BDC600E47F1F /* README.txt in Resources */ = {isa = PBXBuildFile; fileRef = 002742141CC1BDC600E47F1F /* README.txt */; };
		002742171CC1BE3000E47F1F /* AdSupport.framework in Frameworks */ = {isa = PBXBuildFile; fileRef = 002742161CC1BE3000E47F1F /* AdSupport.framework */; };
		002742191CC1BE8A00E47F1F /* AudioToolbox.framework in Frameworks */ = {isa = PBXBuildFile; fileRef = 002742181CC1BE8A00E47F1F /* AudioToolbox.framework */; };
		0027421B1CC1BE9300E47F1F /* AVFoundation.framework in Frameworks */ = {isa = PBXBuildFile; fileRef = 0027421A1CC1BE9300E47F1F /* AVFoundation.framework */; };
		0027421D1CC1BE9C00E47F1F /* CoreGraphics.framework in Frameworks */ = {isa = PBXBuildFile; fileRef = 0027421C1CC1BE9C00E47F1F /* CoreGraphics.framework */; };
		0027421F1CC1BEA500E47F1F /* CoreMedia.framework in Frameworks */ = {isa = PBXBuildFile; fileRef = 0027421E1CC1BEA500E47F1F /* CoreMedia.framework */; };
		002742211CC1BEAE00E47F1F /* CoreTelephony.framework in Frameworks */ = {isa = PBXBuildFile; fileRef = 002742201CC1BEAE00E47F1F /* CoreTelephony.framework */; };
		002742231CC1BEB800E47F1F /* EventKit.framework in Frameworks */ = {isa = PBXBuildFile; fileRef = 002742221CC1BEB800E47F1F /* EventKit.framework */; };
		002742251CC1BEBE00E47F1F /* EventKitUI.framework in Frameworks */ = {isa = PBXBuildFile; fileRef = 002742241CC1BEBE00E47F1F /* EventKitUI.framework */; };
		002742271CC1BEC900E47F1F /* MediaPlayer.framework in Frameworks */ = {isa = PBXBuildFile; fileRef = 002742261CC1BEC900E47F1F /* MediaPlayer.framework */; };
		002742291CC1BED000E47F1F /* MessageUI.framework in Frameworks */ = {isa = PBXBuildFile; fileRef = 002742281CC1BED000E47F1F /* MessageUI.framework */; };
		0027422B1CC1BED800E47F1F /* StoreKit.framework in Frameworks */ = {isa = PBXBuildFile; fileRef = 0027422A1CC1BED800E47F1F /* StoreKit.framework */; };
		0027422D1CC1BEE200E47F1F /* SystemConfiguration.framework in Frameworks */ = {isa = PBXBuildFile; fileRef = 0027422C1CC1BEE200E47F1F /* SystemConfiguration.framework */; };
		002742341CC1E18C00E47F1F /* GoogleMobileAds.framework in Frameworks */ = {isa = PBXBuildFile; fileRef = 002742331CC1E18C00E47F1F /* GoogleMobileAds.framework */; };
		00543AFB1C92ACCC006C3B52 /* Cube.swift in Sources */ = {isa = PBXBuildFile; fileRef = 00543AFA1C92ACCC006C3B52 /* Cube.swift */; };
		00543AFF1C92AD25006C3B52 /* GeometryNodes.swift in Sources */ = {isa = PBXBuildFile; fileRef = 00543AFE1C92AD25006C3B52 /* GeometryNodes.swift */; };
		00543B011C92AD44006C3B52 /* Boundary.swift in Sources */ = {isa = PBXBuildFile; fileRef = 00543B001C92AD44006C3B52 /* Boundary.swift */; };
		B93465A21C7D2B32008CDA26 /* GameDataManager.swift in Sources */ = {isa = PBXBuildFile; fileRef = B93465A11C7D2B32008CDA26 /* GameDataManager.swift */; };
		B9450B0B1C7FB51F00AB5AE3 /* GameHUD.swift in Sources */ = {isa = PBXBuildFile; fileRef = B9450B0A1C7FB51F00AB5AE3 /* GameHUD.swift */; };
		B9450B131C804A0200AB5AE3 /* Squares.atlas in Resources */ = {isa = PBXBuildFile; fileRef = B9450B121C804A0100AB5AE3 /* Squares.atlas */; };
		B947ABA01C9124FF00720E2F /* Rewards.swift in Sources */ = {isa = PBXBuildFile; fileRef = B947AB9F1C9124FF00720E2F /* Rewards.swift */; };
		B94F774B1C63FB7F00B3A78C /* AppDelegate.swift in Sources */ = {isa = PBXBuildFile; fileRef = B94F774A1C63FB7F00B3A78C /* AppDelegate.swift */; };
		B94F774F1C63FB7F00B3A78C /* GameScene.swift in Sources */ = {isa = PBXBuildFile; fileRef = B94F774E1C63FB7F00B3A78C /* GameScene.swift */; };
		B94F77511C63FB7F00B3A78C /* GameViewController.swift in Sources */ = {isa = PBXBuildFile; fileRef = B94F77501C63FB7F00B3A78C /* GameViewController.swift */; };
		B94F77541C63FB7F00B3A78C /* Main.storyboard in Resources */ = {isa = PBXBuildFile; fileRef = B94F77521C63FB7F00B3A78C /* Main.storyboard */; };
		B94F77591C63FB7F00B3A78C /* LaunchScreen.storyboard in Resources */ = {isa = PBXBuildFile; fileRef = B94F77571C63FB7F00B3A78C /* LaunchScreen.storyboard */; };
		B94F77641C63FB7F00B3A78C /* BetoTests.swift in Sources */ = {isa = PBXBuildFile; fileRef = B94F77631C63FB7F00B3A78C /* BetoTests.swift */; };
		B94F776F1C63FB7F00B3A78C /* BetoUITests.swift in Sources */ = {isa = PBXBuildFile; fileRef = B94F776E1C63FB7F00B3A78C /* BetoUITests.swift */; };
		B94F77811C641CA600B3A78C /* Square.swift in Sources */ = {isa = PBXBuildFile; fileRef = B94F77801C641CA600B3A78C /* Square.swift */; };
		B94F77851C64254000B3A78C /* Array2D.swift in Sources */ = {isa = PBXBuildFile; fileRef = B94F77841C64254000B3A78C /* Array2D.swift */; };
		B94F77871C64265F00B3A78C /* Board.swift in Sources */ = {isa = PBXBuildFile; fileRef = B94F77861C64265F00B3A78C /* Board.swift */; };
		B94F77941C645C7D00B3A78C /* Chomp.wav in Resources */ = {isa = PBXBuildFile; fileRef = B94F778E1C645C7D00B3A78C /* Chomp.wav */; };
		B94F77951C645C7D00B3A78C /* Drip.wav in Resources */ = {isa = PBXBuildFile; fileRef = B94F778F1C645C7D00B3A78C /* Drip.wav */; };
		B94F77961C645C7D00B3A78C /* Error.wav in Resources */ = {isa = PBXBuildFile; fileRef = B94F77901C645C7D00B3A78C /* Error.wav */; };
		B94F77971C645C7D00B3A78C /* Ka-Ching.wav in Resources */ = {isa = PBXBuildFile; fileRef = B94F77911C645C7D00B3A78C /* Ka-Ching.wav */; };
		B94F77981C645C7D00B3A78C /* Mining by Moonlight.mp3 in Resources */ = {isa = PBXBuildFile; fileRef = B94F77921C645C7D00B3A78C /* Mining by Moonlight.mp3 */; };
		B94F77991C645C7D00B3A78C /* Scrape.wav in Resources */ = {isa = PBXBuildFile; fileRef = B94F77931C645C7D00B3A78C /* Scrape.wav */; };
		B950AF9C1C8A50EE00A74054 /* Coin.swift in Sources */ = {isa = PBXBuildFile; fileRef = B950AF9B1C8A50EE00A74054 /* Coin.swift */; };
		B969C0FC1C7E8B2A00B24CDB /* Constant.swift in Sources */ = {isa = PBXBuildFile; fileRef = B969C0FB1C7E8B2A00B24CDB /* Constant.swift */; };
		B973BA101CBE3A0700FF90F9 /* AudioManager.swift in Sources */ = {isa = PBXBuildFile; fileRef = B973BA0F1CBE3A0700FF90F9 /* AudioManager.swift */; };
		B981110F1C7D650600E118EC /* GameData.plist in Resources */ = {isa = PBXBuildFile; fileRef = B981110E1C7D650600E118EC /* GameData.plist */; };
		B982DFC91C9266ED00D89ED5 /* MenuViewController.swift in Sources */ = {isa = PBXBuildFile; fileRef = B982DFC81C9266ED00D89ED5 /* MenuViewController.swift */; };
		B982E8FC1CB8DC5B00700002 /* Store.swift in Sources */ = {isa = PBXBuildFile; fileRef = B982E8FB1CB8DC5B00700002 /* Store.swift */; };
		B988697B1CB99CFE0017577D /* BoardScene.swift in Sources */ = {isa = PBXBuildFile; fileRef = B988697A1CB99CFE0017577D /* BoardScene.swift */; };
		B9A3BA4C1C6470C00006400D /* Assets.xcassets in Resources */ = {isa = PBXBuildFile; fileRef = B9A3BA4B1C6470C00006400D /* Assets.xcassets */; };
		B9B17AB31CC0FC610000B528 /* Coins.atlas in Resources */ = {isa = PBXBuildFile; fileRef = B9B17AB21CC0FC610000B528 /* Coins.atlas */; };
		B9C7E2C41C8B88A300879014 /* CoinVault.swift in Sources */ = {isa = PBXBuildFile; fileRef = B9C7E2C31C8B88A300879014 /* CoinVault.swift */; };
		B9CDB80F1CB8593C00BC8A57 /* Settings.swift in Sources */ = {isa = PBXBuildFile; fileRef = B9CDB80E1CB8593C00BC8A57 /* Settings.swift */; };
		B9CDB8111CB86D1100BC8A57 /* Achievements.swift in Sources */ = {isa = PBXBuildFile; fileRef = B9CDB8101CB86D1100BC8A57 /* Achievements.swift */; };
		B9F1D2701C7571BC00E242F7 /* MenuScene.swift in Sources */ = {isa = PBXBuildFile; fileRef = B9F1D26F1C7571BC00E242F7 /* MenuScene.swift */; };
		B9F1D27A1C75AE6700E242F7 /* ButtonNode.swift in Sources */ = {isa = PBXBuildFile; fileRef = B9F1D2791C75AE6700E242F7 /* ButtonNode.swift */; };
/* End PBXBuildFile section */

/* Begin PBXContainerItemProxy section */
		B94F77601C63FB7F00B3A78C /* PBXContainerItemProxy */ = {
			isa = PBXContainerItemProxy;
			containerPortal = B94F773F1C63FB7F00B3A78C /* Project object */;
			proxyType = 1;
			remoteGlobalIDString = B94F77461C63FB7F00B3A78C;
			remoteInfo = Beto;
		};
		B94F776B1C63FB7F00B3A78C /* PBXContainerItemProxy */ = {
			isa = PBXContainerItemProxy;
			containerPortal = B94F773F1C63FB7F00B3A78C /* Project object */;
			proxyType = 1;
			remoteGlobalIDString = B94F77461C63FB7F00B3A78C;
			remoteInfo = Beto;
		};
/* End PBXContainerItemProxy section */

/* Begin PBXFileReference section */
		0027420B1CC1B1BB00E47F1F /* iAd.framework */ = {isa = PBXFileReference; lastKnownFileType = wrapper.framework; name = iAd.framework; path = System/Library/Frameworks/iAd.framework; sourceTree = SDKROOT; };
		0027420E1CC1BDC600E47F1F /* GADMAdNetworkAdapterProtocol.h */ = {isa = PBXFileReference; fileEncoding = 4; lastKnownFileType = sourcecode.c.h; path = GADMAdNetworkAdapterProtocol.h; sourceTree = "<group>"; };
		0027420F1CC1BDC600E47F1F /* GADMAdNetworkConnectorProtocol.h */ = {isa = PBXFileReference; fileEncoding = 4; lastKnownFileType = sourcecode.c.h; path = GADMAdNetworkConnectorProtocol.h; sourceTree = "<group>"; };
		002742101CC1BDC600E47F1F /* GADMediationAdRequest.h */ = {isa = PBXFileReference; fileEncoding = 4; lastKnownFileType = sourcecode.c.h; path = GADMediationAdRequest.h; sourceTree = "<group>"; };
		002742111CC1BDC600E47F1F /* GADMEnums.h */ = {isa = PBXFileReference; fileEncoding = 4; lastKnownFileType = sourcecode.c.h; path = GADMEnums.h; sourceTree = "<group>"; };
		002742121CC1BDC600E47F1F /* GADMRewardBasedVideoAdNetworkAdapterProtocol.h */ = {isa = PBXFileReference; fileEncoding = 4; lastKnownFileType = sourcecode.c.h; path = GADMRewardBasedVideoAdNetworkAdapterProtocol.h; sourceTree = "<group>"; };
		002742131CC1BDC600E47F1F /* GADMRewardBasedVideoAdNetworkConnectorProtocol.h */ = {isa = PBXFileReference; fileEncoding = 4; lastKnownFileType = sourcecode.c.h; path = GADMRewardBasedVideoAdNetworkConnectorProtocol.h; sourceTree = "<group>"; };
		002742141CC1BDC600E47F1F /* README.txt */ = {isa = PBXFileReference; fileEncoding = 4; lastKnownFileType = text; path = README.txt; sourceTree = "<group>"; };
		002742161CC1BE3000E47F1F /* AdSupport.framework */ = {isa = PBXFileReference; lastKnownFileType = wrapper.framework; name = AdSupport.framework; path = System/Library/Frameworks/AdSupport.framework; sourceTree = SDKROOT; };
		002742181CC1BE8A00E47F1F /* AudioToolbox.framework */ = {isa = PBXFileReference; lastKnownFileType = wrapper.framework; name = AudioToolbox.framework; path = System/Library/Frameworks/AudioToolbox.framework; sourceTree = SDKROOT; };
		0027421A1CC1BE9300E47F1F /* AVFoundation.framework */ = {isa = PBXFileReference; lastKnownFileType = wrapper.framework; name = AVFoundation.framework; path = System/Library/Frameworks/AVFoundation.framework; sourceTree = SDKROOT; };
		0027421C1CC1BE9C00E47F1F /* CoreGraphics.framework */ = {isa = PBXFileReference; lastKnownFileType = wrapper.framework; name = CoreGraphics.framework; path = System/Library/Frameworks/CoreGraphics.framework; sourceTree = SDKROOT; };
		0027421E1CC1BEA500E47F1F /* CoreMedia.framework */ = {isa = PBXFileReference; lastKnownFileType = wrapper.framework; name = CoreMedia.framework; path = System/Library/Frameworks/CoreMedia.framework; sourceTree = SDKROOT; };
		002742201CC1BEAE00E47F1F /* CoreTelephony.framework */ = {isa = PBXFileReference; lastKnownFileType = wrapper.framework; name = CoreTelephony.framework; path = System/Library/Frameworks/CoreTelephony.framework; sourceTree = SDKROOT; };
		002742221CC1BEB800E47F1F /* EventKit.framework */ = {isa = PBXFileReference; lastKnownFileType = wrapper.framework; name = EventKit.framework; path = System/Library/Frameworks/EventKit.framework; sourceTree = SDKROOT; };
		002742241CC1BEBE00E47F1F /* EventKitUI.framework */ = {isa = PBXFileReference; lastKnownFileType = wrapper.framework; name = EventKitUI.framework; path = System/Library/Frameworks/EventKitUI.framework; sourceTree = SDKROOT; };
		002742261CC1BEC900E47F1F /* MediaPlayer.framework */ = {isa = PBXFileReference; lastKnownFileType = wrapper.framework; name = MediaPlayer.framework; path = System/Library/Frameworks/MediaPlayer.framework; sourceTree = SDKROOT; };
		002742281CC1BED000E47F1F /* MessageUI.framework */ = {isa = PBXFileReference; lastKnownFileType = wrapper.framework; name = MessageUI.framework; path = System/Library/Frameworks/MessageUI.framework; sourceTree = SDKROOT; };
		0027422A1CC1BED800E47F1F /* StoreKit.framework */ = {isa = PBXFileReference; lastKnownFileType = wrapper.framework; name = StoreKit.framework; path = System/Library/Frameworks/StoreKit.framework; sourceTree = SDKROOT; };
		0027422C1CC1BEE200E47F1F /* SystemConfiguration.framework */ = {isa = PBXFileReference; lastKnownFileType = wrapper.framework; name = SystemConfiguration.framework; path = System/Library/Frameworks/SystemConfiguration.framework; sourceTree = SDKROOT; };
		002742331CC1E18C00E47F1F /* GoogleMobileAds.framework */ = {isa = PBXFileReference; lastKnownFileType = wrapper.framework; path = GoogleMobileAds.framework; sourceTree = "<group>"; };
		00543AFA1C92ACCC006C3B52 /* Cube.swift */ = {isa = PBXFileReference; fileEncoding = 4; lastKnownFileType = sourcecode.swift; path = Cube.swift; sourceTree = "<group>"; };
		00543AFE1C92AD25006C3B52 /* GeometryNodes.swift */ = {isa = PBXFileReference; fileEncoding = 4; lastKnownFileType = sourcecode.swift; path = GeometryNodes.swift; sourceTree = "<group>"; };
		00543B001C92AD44006C3B52 /* Boundary.swift */ = {isa = PBXFileReference; fileEncoding = 4; lastKnownFileType = sourcecode.swift; path = Boundary.swift; sourceTree = "<group>"; };
		B93465A11C7D2B32008CDA26 /* GameDataManager.swift */ = {isa = PBXFileReference; fileEncoding = 4; lastKnownFileType = sourcecode.swift; path = GameDataManager.swift; sourceTree = "<group>"; };
		B9450B0A1C7FB51F00AB5AE3 /* GameHUD.swift */ = {isa = PBXFileReference; fileEncoding = 4; lastKnownFileType = sourcecode.swift; path = GameHUD.swift; sourceTree = "<group>"; };
		B9450B121C804A0100AB5AE3 /* Squares.atlas */ = {isa = PBXFileReference; lastKnownFileType = folder.skatlas; path = Squares.atlas; sourceTree = "<group>"; };
		B947AB9F1C9124FF00720E2F /* Rewards.swift */ = {isa = PBXFileReference; fileEncoding = 4; lastKnownFileType = sourcecode.swift; path = Rewards.swift; sourceTree = "<group>"; };
		B94F77471C63FB7F00B3A78C /* Beto.app */ = {isa = PBXFileReference; explicitFileType = wrapper.application; includeInIndex = 0; path = Beto.app; sourceTree = BUILT_PRODUCTS_DIR; };
		B94F774A1C63FB7F00B3A78C /* AppDelegate.swift */ = {isa = PBXFileReference; lastKnownFileType = sourcecode.swift; path = AppDelegate.swift; sourceTree = "<group>"; };
		B94F774E1C63FB7F00B3A78C /* GameScene.swift */ = {isa = PBXFileReference; lastKnownFileType = sourcecode.swift; path = GameScene.swift; sourceTree = "<group>"; };
		B94F77501C63FB7F00B3A78C /* GameViewController.swift */ = {isa = PBXFileReference; lastKnownFileType = sourcecode.swift; path = GameViewController.swift; sourceTree = "<group>"; };
		B94F77531C63FB7F00B3A78C /* Base */ = {isa = PBXFileReference; lastKnownFileType = file.storyboard; name = Base; path = Base.lproj/Main.storyboard; sourceTree = "<group>"; };
		B94F77581C63FB7F00B3A78C /* Base */ = {isa = PBXFileReference; lastKnownFileType = file.storyboard; name = Base; path = Base.lproj/LaunchScreen.storyboard; sourceTree = "<group>"; };
		B94F775A1C63FB7F00B3A78C /* Info.plist */ = {isa = PBXFileReference; lastKnownFileType = text.plist.xml; path = Info.plist; sourceTree = "<group>"; };
		B94F775F1C63FB7F00B3A78C /* BetoTests.xctest */ = {isa = PBXFileReference; explicitFileType = wrapper.cfbundle; includeInIndex = 0; path = BetoTests.xctest; sourceTree = BUILT_PRODUCTS_DIR; };
		B94F77631C63FB7F00B3A78C /* BetoTests.swift */ = {isa = PBXFileReference; lastKnownFileType = sourcecode.swift; path = BetoTests.swift; sourceTree = "<group>"; };
		B94F77651C63FB7F00B3A78C /* Info.plist */ = {isa = PBXFileReference; lastKnownFileType = text.plist.xml; path = Info.plist; sourceTree = "<group>"; };
		B94F776A1C63FB7F00B3A78C /* BetoUITests.xctest */ = {isa = PBXFileReference; explicitFileType = wrapper.cfbundle; includeInIndex = 0; path = BetoUITests.xctest; sourceTree = BUILT_PRODUCTS_DIR; };
		B94F776E1C63FB7F00B3A78C /* BetoUITests.swift */ = {isa = PBXFileReference; lastKnownFileType = sourcecode.swift; path = BetoUITests.swift; sourceTree = "<group>"; };
		B94F77701C63FB7F00B3A78C /* Info.plist */ = {isa = PBXFileReference; lastKnownFileType = text.plist.xml; path = Info.plist; sourceTree = "<group>"; };
		B94F77801C641CA600B3A78C /* Square.swift */ = {isa = PBXFileReference; fileEncoding = 4; lastKnownFileType = sourcecode.swift; path = Square.swift; sourceTree = "<group>"; };
		B94F77841C64254000B3A78C /* Array2D.swift */ = {isa = PBXFileReference; fileEncoding = 4; lastKnownFileType = sourcecode.swift; path = Array2D.swift; sourceTree = "<group>"; };
		B94F77861C64265F00B3A78C /* Board.swift */ = {isa = PBXFileReference; fileEncoding = 4; lastKnownFileType = sourcecode.swift; path = Board.swift; sourceTree = "<group>"; };
		B94F778E1C645C7D00B3A78C /* Chomp.wav */ = {isa = PBXFileReference; lastKnownFileType = audio.wav; path = Chomp.wav; sourceTree = "<group>"; };
		B94F778F1C645C7D00B3A78C /* Drip.wav */ = {isa = PBXFileReference; lastKnownFileType = audio.wav; path = Drip.wav; sourceTree = "<group>"; };
		B94F77901C645C7D00B3A78C /* Error.wav */ = {isa = PBXFileReference; lastKnownFileType = audio.wav; path = Error.wav; sourceTree = "<group>"; };
		B94F77911C645C7D00B3A78C /* Ka-Ching.wav */ = {isa = PBXFileReference; lastKnownFileType = audio.wav; path = "Ka-Ching.wav"; sourceTree = "<group>"; };
		B94F77921C645C7D00B3A78C /* Mining by Moonlight.mp3 */ = {isa = PBXFileReference; lastKnownFileType = audio.mp3; path = "Mining by Moonlight.mp3"; sourceTree = "<group>"; };
		B94F77931C645C7D00B3A78C /* Scrape.wav */ = {isa = PBXFileReference; lastKnownFileType = audio.wav; path = Scrape.wav; sourceTree = "<group>"; };
		B950AF9B1C8A50EE00A74054 /* Coin.swift */ = {isa = PBXFileReference; fileEncoding = 4; lastKnownFileType = sourcecode.swift; path = Coin.swift; sourceTree = "<group>"; };
		B969C0FB1C7E8B2A00B24CDB /* Constant.swift */ = {isa = PBXFileReference; fileEncoding = 4; lastKnownFileType = sourcecode.swift; path = Constant.swift; sourceTree = "<group>"; };
		B973BA0F1CBE3A0700FF90F9 /* AudioManager.swift */ = {isa = PBXFileReference; fileEncoding = 4; lastKnownFileType = sourcecode.swift; path = AudioManager.swift; sourceTree = "<group>"; };
		B981110E1C7D650600E118EC /* GameData.plist */ = {isa = PBXFileReference; fileEncoding = 4; lastKnownFileType = text.plist.xml; path = GameData.plist; sourceTree = "<group>"; };
		B982DFC81C9266ED00D89ED5 /* MenuViewController.swift */ = {isa = PBXFileReference; fileEncoding = 4; lastKnownFileType = sourcecode.swift; path = MenuViewController.swift; sourceTree = "<group>"; };
		B982E8FB1CB8DC5B00700002 /* Store.swift */ = {isa = PBXFileReference; fileEncoding = 4; lastKnownFileType = sourcecode.swift; path = Store.swift; sourceTree = "<group>"; };
		B988697A1CB99CFE0017577D /* BoardScene.swift */ = {isa = PBXFileReference; fileEncoding = 4; lastKnownFileType = sourcecode.swift; path = BoardScene.swift; sourceTree = "<group>"; };
		B9A3BA4B1C6470C00006400D /* Assets.xcassets */ = {isa = PBXFileReference; lastKnownFileType = folder.assetcatalog; name = Assets.xcassets; path = Sounds/Assets.xcassets; sourceTree = "<group>"; };
		B9B17AB21CC0FC610000B528 /* Coins.atlas */ = {isa = PBXFileReference; lastKnownFileType = folder.skatlas; path = Coins.atlas; sourceTree = "<group>"; };
		B9C7E2C31C8B88A300879014 /* CoinVault.swift */ = {isa = PBXFileReference; fileEncoding = 4; lastKnownFileType = sourcecode.swift; path = CoinVault.swift; sourceTree = "<group>"; };
		B9CDB80E1CB8593C00BC8A57 /* Settings.swift */ = {isa = PBXFileReference; fileEncoding = 4; lastKnownFileType = sourcecode.swift; path = Settings.swift; sourceTree = "<group>"; };
		B9CDB8101CB86D1100BC8A57 /* Achievements.swift */ = {isa = PBXFileReference; fileEncoding = 4; lastKnownFileType = sourcecode.swift; path = Achievements.swift; sourceTree = "<group>"; };
		B9F1D26F1C7571BC00E242F7 /* MenuScene.swift */ = {isa = PBXFileReference; fileEncoding = 4; lastKnownFileType = sourcecode.swift; path = MenuScene.swift; sourceTree = "<group>"; };
		B9F1D2791C75AE6700E242F7 /* ButtonNode.swift */ = {isa = PBXFileReference; fileEncoding = 4; lastKnownFileType = sourcecode.swift; path = ButtonNode.swift; sourceTree = "<group>"; };
/* End PBXFileReference section */

/* Begin PBXFrameworksBuildPhase section */
		B94F77441C63FB7F00B3A78C /* Frameworks */ = {
			isa = PBXFrameworksBuildPhase;
			buildActionMask = 2147483647;
			files = (
				002742341CC1E18C00E47F1F /* GoogleMobileAds.framework in Frameworks */,
				0027422D1CC1BEE200E47F1F /* SystemConfiguration.framework in Frameworks */,
				0027422B1CC1BED800E47F1F /* StoreKit.framework in Frameworks */,
				002742291CC1BED000E47F1F /* MessageUI.framework in Frameworks */,
				002742271CC1BEC900E47F1F /* MediaPlayer.framework in Frameworks */,
				002742251CC1BEBE00E47F1F /* EventKitUI.framework in Frameworks */,
				002742231CC1BEB800E47F1F /* EventKit.framework in Frameworks */,
				002742211CC1BEAE00E47F1F /* CoreTelephony.framework in Frameworks */,
				0027421F1CC1BEA500E47F1F /* CoreMedia.framework in Frameworks */,
				0027421D1CC1BE9C00E47F1F /* CoreGraphics.framework in Frameworks */,
				0027421B1CC1BE9300E47F1F /* AVFoundation.framework in Frameworks */,
				002742191CC1BE8A00E47F1F /* AudioToolbox.framework in Frameworks */,
				002742171CC1BE3000E47F1F /* AdSupport.framework in Frameworks */,
				0027420C1CC1B1BB00E47F1F /* iAd.framework in Frameworks */,
			);
			runOnlyForDeploymentPostprocessing = 0;
		};
		B94F775C1C63FB7F00B3A78C /* Frameworks */ = {
			isa = PBXFrameworksBuildPhase;
			buildActionMask = 2147483647;
			files = (
			);
			runOnlyForDeploymentPostprocessing = 0;
		};
		B94F77671C63FB7F00B3A78C /* Frameworks */ = {
			isa = PBXFrameworksBuildPhase;
			buildActionMask = 2147483647;
			files = (
			);
			runOnlyForDeploymentPostprocessing = 0;
		};
/* End PBXFrameworksBuildPhase section */

/* Begin PBXGroup section */
		0027420D1CC1BDAF00E47F1F /* AdMob */ = {
			isa = PBXGroup;
			children = (
				0027422E1CC1C22400E47F1F /* AdMobFrameworks */,
				0027420E1CC1BDC600E47F1F /* GADMAdNetworkAdapterProtocol.h */,
				0027420F1CC1BDC600E47F1F /* GADMAdNetworkConnectorProtocol.h */,
				002742101CC1BDC600E47F1F /* GADMediationAdRequest.h */,
				002742111CC1BDC600E47F1F /* GADMEnums.h */,
				002742121CC1BDC600E47F1F /* GADMRewardBasedVideoAdNetworkAdapterProtocol.h */,
				002742131CC1BDC600E47F1F /* GADMRewardBasedVideoAdNetworkConnectorProtocol.h */,
				002742141CC1BDC600E47F1F /* README.txt */,
			);
			name = AdMob;
			path = Beto;
			sourceTree = "<group>";
		};
		0027422E1CC1C22400E47F1F /* AdMobFrameworks */ = {
			isa = PBXGroup;
			children = (
				002742331CC1E18C00E47F1F /* GoogleMobileAds.framework */,
				0027422C1CC1BEE200E47F1F /* SystemConfiguration.framework */,
				0027422A1CC1BED800E47F1F /* StoreKit.framework */,
				002742281CC1BED000E47F1F /* MessageUI.framework */,
				002742261CC1BEC900E47F1F /* MediaPlayer.framework */,
				002742241CC1BEBE00E47F1F /* EventKitUI.framework */,
				002742221CC1BEB800E47F1F /* EventKit.framework */,
				002742201CC1BEAE00E47F1F /* CoreTelephony.framework */,
				0027421E1CC1BEA500E47F1F /* CoreMedia.framework */,
				0027421C1CC1BE9C00E47F1F /* CoreGraphics.framework */,
				0027421A1CC1BE9300E47F1F /* AVFoundation.framework */,
				002742181CC1BE8A00E47F1F /* AudioToolbox.framework */,
				002742161CC1BE3000E47F1F /* AdSupport.framework */,
				0027420B1CC1B1BB00E47F1F /* iAd.framework */,
			);
			name = AdMobFrameworks;
			path = ..;
			sourceTree = "<group>";
		};
		B94F773E1C63FB7F00B3A78C = {
			isa = PBXGroup;
			children = (
				0027420D1CC1BDAF00E47F1F /* AdMob */,
				B94F77491C63FB7F00B3A78C /* Beto */,
				B94F77621C63FB7F00B3A78C /* BetoTests */,
				B94F776D1C63FB7F00B3A78C /* BetoUITests */,
				B94F77481C63FB7F00B3A78C /* Products */,
			);
			sourceTree = "<group>";
		};
		B94F77481C63FB7F00B3A78C /* Products */ = {
			isa = PBXGroup;
			children = (
				B94F77471C63FB7F00B3A78C /* Beto.app */,
				B94F775F1C63FB7F00B3A78C /* BetoTests.xctest */,
				B94F776A1C63FB7F00B3A78C /* BetoUITests.xctest */,
			);
			name = Products;
			sourceTree = "<group>";
		};
		B94F77491C63FB7F00B3A78C /* Beto */ = {
			isa = PBXGroup;
			children = (
				B94F774A1C63FB7F00B3A78C /* AppDelegate.swift */,
				B94F77881C642CF100B3A78C /* Models */,
				B94F77891C642D1500B3A78C /* Views */,
				B94F778A1C642D2100B3A78C /* Controller */,
				B94F778D1C645C7D00B3A78C /* Sounds */,
				B9A3BA4B1C6470C00006400D /* Assets.xcassets */,
				B9B17AB21CC0FC610000B528 /* Coins.atlas */,
				B9450B121C804A0100AB5AE3 /* Squares.atlas */,
				B94F77521C63FB7F00B3A78C /* Main.storyboard */,
				B94F77571C63FB7F00B3A78C /* LaunchScreen.storyboard */,
				B94F775A1C63FB7F00B3A78C /* Info.plist */,
				B981110E1C7D650600E118EC /* GameData.plist */,
			);
			path = Beto;
			sourceTree = "<group>";
		};
		B94F77621C63FB7F00B3A78C /* BetoTests */ = {
			isa = PBXGroup;
			children = (
				B94F77631C63FB7F00B3A78C /* BetoTests.swift */,
				B94F77651C63FB7F00B3A78C /* Info.plist */,
			);
			path = BetoTests;
			sourceTree = "<group>";
		};
		B94F776D1C63FB7F00B3A78C /* BetoUITests */ = {
			isa = PBXGroup;
			children = (
				B94F776E1C63FB7F00B3A78C /* BetoUITests.swift */,
				B94F77701C63FB7F00B3A78C /* Info.plist */,
			);
			path = BetoUITests;
			sourceTree = "<group>";
		};
		B94F77881C642CF100B3A78C /* Models */ = {
			isa = PBXGroup;
			children = (
				B9450B0A1C7FB51F00AB5AE3 /* GameHUD.swift */,
				B94F77841C64254000B3A78C /* Array2D.swift */,
				B94F77861C64265F00B3A78C /* Board.swift */,
				B94F77801C641CA600B3A78C /* Square.swift */,
				B9F1D2791C75AE6700E242F7 /* ButtonNode.swift */,
				B969C0FB1C7E8B2A00B24CDB /* Constant.swift */,
				B950AF9B1C8A50EE00A74054 /* Coin.swift */,
				B9C7E2C31C8B88A300879014 /* CoinVault.swift */,
				B947AB9F1C9124FF00720E2F /* Rewards.swift */,
				00543AFA1C92ACCC006C3B52 /* Cube.swift */,
				00543AFE1C92AD25006C3B52 /* GeometryNodes.swift */,
				00543B001C92AD44006C3B52 /* Boundary.swift */,
				B9CDB80E1CB8593C00BC8A57 /* Settings.swift */,
				B9CDB8101CB86D1100BC8A57 /* Achievements.swift */,
				B982E8FB1CB8DC5B00700002 /* Store.swift */,
				B93465A11C7D2B32008CDA26 /* GameDataManager.swift */,
				B973BA0F1CBE3A0700FF90F9 /* AudioManager.swift */,
			);
			name = Models;
			sourceTree = "<group>";
		};
		B94F77891C642D1500B3A78C /* Views */ = {
			isa = PBXGroup;
			children = (
				B94F774E1C63FB7F00B3A78C /* GameScene.swift */,
				B9F1D26F1C7571BC00E242F7 /* MenuScene.swift */,
				B988697A1CB99CFE0017577D /* BoardScene.swift */,
			);
			name = Views;
			sourceTree = "<group>";
		};
		B94F778A1C642D2100B3A78C /* Controller */ = {
			isa = PBXGroup;
			children = (
				B94F77501C63FB7F00B3A78C /* GameViewController.swift */,
				B982DFC81C9266ED00D89ED5 /* MenuViewController.swift */,
			);
			name = Controller;
			sourceTree = "<group>";
		};
		B94F778D1C645C7D00B3A78C /* Sounds */ = {
			isa = PBXGroup;
			children = (
				B94F778E1C645C7D00B3A78C /* Chomp.wav */,
				B94F778F1C645C7D00B3A78C /* Drip.wav */,
				B94F77901C645C7D00B3A78C /* Error.wav */,
				B94F77911C645C7D00B3A78C /* Ka-Ching.wav */,
				B94F77921C645C7D00B3A78C /* Mining by Moonlight.mp3 */,
				B94F77931C645C7D00B3A78C /* Scrape.wav */,
			);
			path = Sounds;
			sourceTree = "<group>";
		};
/* End PBXGroup section */

/* Begin PBXNativeTarget section */
		B94F77461C63FB7F00B3A78C /* Beto */ = {
			isa = PBXNativeTarget;
			buildConfigurationList = B94F77731C63FB7F00B3A78C /* Build configuration list for PBXNativeTarget "Beto" */;
			buildPhases = (
				B94F77431C63FB7F00B3A78C /* Sources */,
				B94F77441C63FB7F00B3A78C /* Frameworks */,
				B94F77451C63FB7F00B3A78C /* Resources */,
			);
			buildRules = (
			);
			dependencies = (
			);
			name = Beto;
			productName = Beto;
			productReference = B94F77471C63FB7F00B3A78C /* Beto.app */;
			productType = "com.apple.product-type.application";
		};
		B94F775E1C63FB7F00B3A78C /* BetoTests */ = {
			isa = PBXNativeTarget;
			buildConfigurationList = B94F77761C63FB7F00B3A78C /* Build configuration list for PBXNativeTarget "BetoTests" */;
			buildPhases = (
				B94F775B1C63FB7F00B3A78C /* Sources */,
				B94F775C1C63FB7F00B3A78C /* Frameworks */,
				B94F775D1C63FB7F00B3A78C /* Resources */,
			);
			buildRules = (
			);
			dependencies = (
				B94F77611C63FB7F00B3A78C /* PBXTargetDependency */,
			);
			name = BetoTests;
			productName = BetoTests;
			productReference = B94F775F1C63FB7F00B3A78C /* BetoTests.xctest */;
			productType = "com.apple.product-type.bundle.unit-test";
		};
		B94F77691C63FB7F00B3A78C /* BetoUITests */ = {
			isa = PBXNativeTarget;
			buildConfigurationList = B94F77791C63FB7F00B3A78C /* Build configuration list for PBXNativeTarget "BetoUITests" */;
			buildPhases = (
				B94F77661C63FB7F00B3A78C /* Sources */,
				B94F77671C63FB7F00B3A78C /* Frameworks */,
				B94F77681C63FB7F00B3A78C /* Resources */,
			);
			buildRules = (
			);
			dependencies = (
				B94F776C1C63FB7F00B3A78C /* PBXTargetDependency */,
			);
			name = BetoUITests;
			productName = BetoUITests;
			productReference = B94F776A1C63FB7F00B3A78C /* BetoUITests.xctest */;
			productType = "com.apple.product-type.bundle.ui-testing";
		};
/* End PBXNativeTarget section */

/* Begin PBXProject section */
		B94F773F1C63FB7F00B3A78C /* Project object */ = {
			isa = PBXProject;
			attributes = {
				LastSwiftUpdateCheck = 0720;
				LastUpgradeCheck = 0720;
				ORGANIZATIONNAME = redgarage;
				TargetAttributes = {
					B94F77461C63FB7F00B3A78C = {
						CreatedOnToolsVersion = 7.2;
						DevelopmentTeam = FC9822E58L;
					};
					B94F775E1C63FB7F00B3A78C = {
						CreatedOnToolsVersion = 7.2;
						TestTargetID = B94F77461C63FB7F00B3A78C;
					};
					B94F77691C63FB7F00B3A78C = {
						CreatedOnToolsVersion = 7.2;
						TestTargetID = B94F77461C63FB7F00B3A78C;
					};
				};
			};
			buildConfigurationList = B94F77421C63FB7F00B3A78C /* Build configuration list for PBXProject "Beto" */;
			compatibilityVersion = "Xcode 3.2";
			developmentRegion = English;
			hasScannedForEncodings = 0;
			knownRegions = (
				en,
				Base,
			);
			mainGroup = B94F773E1C63FB7F00B3A78C;
			productRefGroup = B94F77481C63FB7F00B3A78C /* Products */;
			projectDirPath = "";
			projectRoot = "";
			targets = (
				B94F77461C63FB7F00B3A78C /* Beto */,
				B94F775E1C63FB7F00B3A78C /* BetoTests */,
				B94F77691C63FB7F00B3A78C /* BetoUITests */,
			);
		};
/* End PBXProject section */

/* Begin PBXResourcesBuildPhase section */
		B94F77451C63FB7F00B3A78C /* Resources */ = {
			isa = PBXResourcesBuildPhase;
			buildActionMask = 2147483647;
			files = (
				B9450B131C804A0200AB5AE3 /* Squares.atlas in Resources */,
				B981110F1C7D650600E118EC /* GameData.plist in Resources */,
				B9B17AB31CC0FC610000B528 /* Coins.atlas in Resources */,
				002742151CC1BDC600E47F1F /* README.txt in Resources */,
				B94F77991C645C7D00B3A78C /* Scrape.wav in Resources */,
				B94F77981C645C7D00B3A78C /* Mining by Moonlight.mp3 in Resources */,
				B94F77951C645C7D00B3A78C /* Drip.wav in Resources */,
				B9A3BA4C1C6470C00006400D /* Assets.xcassets in Resources */,
				B94F77971C645C7D00B3A78C /* Ka-Ching.wav in Resources */,
				B94F77961C645C7D00B3A78C /* Error.wav in Resources */,
				B94F77591C63FB7F00B3A78C /* LaunchScreen.storyboard in Resources */,
				B94F77541C63FB7F00B3A78C /* Main.storyboard in Resources */,
				B94F77941C645C7D00B3A78C /* Chomp.wav in Resources */,
			);
			runOnlyForDeploymentPostprocessing = 0;
		};
		B94F775D1C63FB7F00B3A78C /* Resources */ = {
			isa = PBXResourcesBuildPhase;
			buildActionMask = 2147483647;
			files = (
			);
			runOnlyForDeploymentPostprocessing = 0;
		};
		B94F77681C63FB7F00B3A78C /* Resources */ = {
			isa = PBXResourcesBuildPhase;
			buildActionMask = 2147483647;
			files = (
			);
			runOnlyForDeploymentPostprocessing = 0;
		};
/* End PBXResourcesBuildPhase section */

/* Begin PBXSourcesBuildPhase section */
		B94F77431C63FB7F00B3A78C /* Sources */ = {
			isa = PBXSourcesBuildPhase;
			buildActionMask = 2147483647;
			files = (
				B947ABA01C9124FF00720E2F /* Rewards.swift in Sources */,
				B94F77811C641CA600B3A78C /* Square.swift in Sources */,
				B982E8FC1CB8DC5B00700002 /* Store.swift in Sources */,
				B973BA101CBE3A0700FF90F9 /* AudioManager.swift in Sources */,
				B9F1D2701C7571BC00E242F7 /* MenuScene.swift in Sources */,
				B969C0FC1C7E8B2A00B24CDB /* Constant.swift in Sources */,
				B94F77851C64254000B3A78C /* Array2D.swift in Sources */,
				B9450B0B1C7FB51F00AB5AE3 /* GameHUD.swift in Sources */,
				B94F774F1C63FB7F00B3A78C /* GameScene.swift in Sources */,
				B950AF9C1C8A50EE00A74054 /* Coin.swift in Sources */,
				B988697B1CB99CFE0017577D /* BoardScene.swift in Sources */,
				B94F77511C63FB7F00B3A78C /* GameViewController.swift in Sources */,
				B94F77871C64265F00B3A78C /* Board.swift in Sources */,
				B9CDB8111CB86D1100BC8A57 /* Achievements.swift in Sources */,
				B982DFC91C9266ED00D89ED5 /* MenuViewController.swift in Sources */,
				00543B011C92AD44006C3B52 /* Boundary.swift in Sources */,
				B93465A21C7D2B32008CDA26 /* GameDataManager.swift in Sources */,
				B94F774B1C63FB7F00B3A78C /* AppDelegate.swift in Sources */,
				00543AFF1C92AD25006C3B52 /* GeometryNodes.swift in Sources */,
				00543AFB1C92ACCC006C3B52 /* Cube.swift in Sources */,
				B9F1D27A1C75AE6700E242F7 /* ButtonNode.swift in Sources */,
				B9C7E2C41C8B88A300879014 /* CoinVault.swift in Sources */,
				B9CDB80F1CB8593C00BC8A57 /* Settings.swift in Sources */,
			);
			runOnlyForDeploymentPostprocessing = 0;
		};
		B94F775B1C63FB7F00B3A78C /* Sources */ = {
			isa = PBXSourcesBuildPhase;
			buildActionMask = 2147483647;
			files = (
				B94F77641C63FB7F00B3A78C /* BetoTests.swift in Sources */,
			);
			runOnlyForDeploymentPostprocessing = 0;
		};
		B94F77661C63FB7F00B3A78C /* Sources */ = {
			isa = PBXSourcesBuildPhase;
			buildActionMask = 2147483647;
			files = (
				B94F776F1C63FB7F00B3A78C /* BetoUITests.swift in Sources */,
			);
			runOnlyForDeploymentPostprocessing = 0;
		};
/* End PBXSourcesBuildPhase section */

/* Begin PBXTargetDependency section */
		B94F77611C63FB7F00B3A78C /* PBXTargetDependency */ = {
			isa = PBXTargetDependency;
			target = B94F77461C63FB7F00B3A78C /* Beto */;
			targetProxy = B94F77601C63FB7F00B3A78C /* PBXContainerItemProxy */;
		};
		B94F776C1C63FB7F00B3A78C /* PBXTargetDependency */ = {
			isa = PBXTargetDependency;
			target = B94F77461C63FB7F00B3A78C /* Beto */;
			targetProxy = B94F776B1C63FB7F00B3A78C /* PBXContainerItemProxy */;
		};
/* End PBXTargetDependency section */

/* Begin PBXVariantGroup section */
		B94F77521C63FB7F00B3A78C /* Main.storyboard */ = {
			isa = PBXVariantGroup;
			children = (
				B94F77531C63FB7F00B3A78C /* Base */,
			);
			name = Main.storyboard;
			sourceTree = "<group>";
		};
		B94F77571C63FB7F00B3A78C /* LaunchScreen.storyboard */ = {
			isa = PBXVariantGroup;
			children = (
				B94F77581C63FB7F00B3A78C /* Base */,
			);
			name = LaunchScreen.storyboard;
			sourceTree = "<group>";
		};
/* End PBXVariantGroup section */

/* Begin XCBuildConfiguration section */
		B94F77711C63FB7F00B3A78C /* Debug */ = {
			isa = XCBuildConfiguration;
			buildSettings = {
				ALWAYS_SEARCH_USER_PATHS = NO;
				CLANG_CXX_LANGUAGE_STANDARD = "gnu++0x";
				CLANG_CXX_LIBRARY = "libc++";
				CLANG_ENABLE_MODULES = YES;
				CLANG_ENABLE_OBJC_ARC = YES;
				CLANG_WARN_BOOL_CONVERSION = YES;
				CLANG_WARN_CONSTANT_CONVERSION = YES;
				CLANG_WARN_DIRECT_OBJC_ISA_USAGE = YES_ERROR;
				CLANG_WARN_EMPTY_BODY = YES;
				CLANG_WARN_ENUM_CONVERSION = YES;
				CLANG_WARN_INT_CONVERSION = YES;
				CLANG_WARN_OBJC_ROOT_CLASS = YES_ERROR;
				CLANG_WARN_UNREACHABLE_CODE = YES;
				CLANG_WARN__DUPLICATE_METHOD_MATCH = YES;
				"CODE_SIGN_IDENTITY[sdk=iphoneos*]" = "iPhone Developer";
				COPY_PHASE_STRIP = NO;
				DEBUG_INFORMATION_FORMAT = "dwarf-with-dsym";
				ENABLE_STRICT_OBJC_MSGSEND = YES;
				ENABLE_TESTABILITY = YES;
				GCC_C_LANGUAGE_STANDARD = gnu99;
				GCC_DYNAMIC_NO_PIC = NO;
				GCC_NO_COMMON_BLOCKS = YES;
				GCC_OPTIMIZATION_LEVEL = 0;
				GCC_PREPROCESSOR_DEFINITIONS = (
					"DEBUG=1",
					"$(inherited)",
				);
				GCC_WARN_64_TO_32_BIT_CONVERSION = YES;
				GCC_WARN_ABOUT_RETURN_TYPE = YES_ERROR;
				GCC_WARN_UNDECLARED_SELECTOR = YES;
				GCC_WARN_UNINITIALIZED_AUTOS = YES_AGGRESSIVE;
				GCC_WARN_UNUSED_FUNCTION = YES;
				GCC_WARN_UNUSED_VARIABLE = YES;
				IPHONEOS_DEPLOYMENT_TARGET = 9.2;
				MTL_ENABLE_DEBUG_INFO = YES;
				ONLY_ACTIVE_ARCH = YES;
				SDKROOT = iphoneos;
				SWIFT_OPTIMIZATION_LEVEL = "-Onone";
			};
			name = Debug;
		};
		B94F77721C63FB7F00B3A78C /* Release */ = {
			isa = XCBuildConfiguration;
			buildSettings = {
				ALWAYS_SEARCH_USER_PATHS = NO;
				CLANG_CXX_LANGUAGE_STANDARD = "gnu++0x";
				CLANG_CXX_LIBRARY = "libc++";
				CLANG_ENABLE_MODULES = YES;
				CLANG_ENABLE_OBJC_ARC = YES;
				CLANG_WARN_BOOL_CONVERSION = YES;
				CLANG_WARN_CONSTANT_CONVERSION = YES;
				CLANG_WARN_DIRECT_OBJC_ISA_USAGE = YES_ERROR;
				CLANG_WARN_EMPTY_BODY = YES;
				CLANG_WARN_ENUM_CONVERSION = YES;
				CLANG_WARN_INT_CONVERSION = YES;
				CLANG_WARN_OBJC_ROOT_CLASS = YES_ERROR;
				CLANG_WARN_UNREACHABLE_CODE = YES;
				CLANG_WARN__DUPLICATE_METHOD_MATCH = YES;
				"CODE_SIGN_IDENTITY[sdk=iphoneos*]" = "iPhone Developer";
				COPY_PHASE_STRIP = NO;
				DEBUG_INFORMATION_FORMAT = "dwarf-with-dsym";
				ENABLE_NS_ASSERTIONS = NO;
				ENABLE_STRICT_OBJC_MSGSEND = YES;
				GCC_C_LANGUAGE_STANDARD = gnu99;
				GCC_NO_COMMON_BLOCKS = YES;
				GCC_WARN_64_TO_32_BIT_CONVERSION = YES;
				GCC_WARN_ABOUT_RETURN_TYPE = YES_ERROR;
				GCC_WARN_UNDECLARED_SELECTOR = YES;
				GCC_WARN_UNINITIALIZED_AUTOS = YES_AGGRESSIVE;
				GCC_WARN_UNUSED_FUNCTION = YES;
				GCC_WARN_UNUSED_VARIABLE = YES;
				IPHONEOS_DEPLOYMENT_TARGET = 9.2;
				MTL_ENABLE_DEBUG_INFO = NO;
				SDKROOT = iphoneos;
				VALIDATE_PRODUCT = YES;
			};
			name = Release;
		};
		B94F77741C63FB7F00B3A78C /* Debug */ = {
			isa = XCBuildConfiguration;
			buildSettings = {
				ASSETCATALOG_COMPILER_APPICON_NAME = AppIcon;
				CODE_SIGN_IDENTITY = "iPhone Developer";
				"CODE_SIGN_IDENTITY[sdk=iphoneos*]" = "iPhone Developer";
				FRAMEWORK_SEARCH_PATHS = (
					"$(inherited)",
					"$(PROJECT_DIR)",
				);
				INFOPLIST_FILE = Beto/Info.plist;
				LD_RUNPATH_SEARCH_PATHS = "$(inherited) @executable_path/Frameworks";
				OTHER_LDFLAGS = "-ObjC";
				"OTHER_LDFLAGS[arch=*]" = "-ObjC";
				PRODUCT_BUNDLE_IDENTIFIER = com.redgarage.Beto;
				PRODUCT_NAME = "$(TARGET_NAME)";
				PROVISIONING_PROFILE = "";
			};
			name = Debug;
		};
		B94F77751C63FB7F00B3A78C /* Release */ = {
			isa = XCBuildConfiguration;
			buildSettings = {
				ASSETCATALOG_COMPILER_APPICON_NAME = AppIcon;
				CODE_SIGN_IDENTITY = "iPhone Developer";
				"CODE_SIGN_IDENTITY[sdk=iphoneos*]" = "iPhone Developer";
				FRAMEWORK_SEARCH_PATHS = (
					"$(inherited)",
					"$(PROJECT_DIR)",
				);
				INFOPLIST_FILE = Beto/Info.plist;
				LD_RUNPATH_SEARCH_PATHS = "$(inherited) @executable_path/Frameworks";
				OTHER_LDFLAGS = "-ObjC";
				PRODUCT_BUNDLE_IDENTIFIER = com.redgarage.Beto;
				PRODUCT_NAME = "$(TARGET_NAME)";
				PROVISIONING_PROFILE = "";
			};
			name = Release;
		};
		B94F77771C63FB7F00B3A78C /* Debug */ = {
			isa = XCBuildConfiguration;
			buildSettings = {
				BUNDLE_LOADER = "$(TEST_HOST)";
				DEBUG_INFORMATION_FORMAT = dwarf;
				INFOPLIST_FILE = BetoTests/Info.plist;
				LD_RUNPATH_SEARCH_PATHS = "$(inherited) @executable_path/Frameworks @loader_path/Frameworks";
				PRODUCT_BUNDLE_IDENTIFIER = com.redgarage.BetoTests;
				PRODUCT_NAME = "$(TARGET_NAME)";
				TEST_HOST = "$(BUILT_PRODUCTS_DIR)/Beto.app/Beto";
			};
			name = Debug;
		};
		B94F77781C63FB7F00B3A78C /* Release */ = {
			isa = XCBuildConfiguration;
			buildSettings = {
				BUNDLE_LOADER = "$(TEST_HOST)";
				INFOPLIST_FILE = BetoTests/Info.plist;
				LD_RUNPATH_SEARCH_PATHS = "$(inherited) @executable_path/Frameworks @loader_path/Frameworks";
				PRODUCT_BUNDLE_IDENTIFIER = com.redgarage.BetoTests;
				PRODUCT_NAME = "$(TARGET_NAME)";
				TEST_HOST = "$(BUILT_PRODUCTS_DIR)/Beto.app/Beto";
			};
			name = Release;
		};
		B94F777A1C63FB7F00B3A78C /* Debug */ = {
			isa = XCBuildConfiguration;
			buildSettings = {
				DEBUG_INFORMATION_FORMAT = dwarf;
				INFOPLIST_FILE = BetoUITests/Info.plist;
				LD_RUNPATH_SEARCH_PATHS = "$(inherited) @executable_path/Frameworks @loader_path/Frameworks";
				PRODUCT_BUNDLE_IDENTIFIER = com.redgarage.BetoUITests;
				PRODUCT_NAME = "$(TARGET_NAME)";
				TEST_TARGET_NAME = Beto;
				USES_XCTRUNNER = YES;
			};
			name = Debug;
		};
		B94F777B1C63FB7F00B3A78C /* Release */ = {
			isa = XCBuildConfiguration;
			buildSettings = {
				INFOPLIST_FILE = BetoUITests/Info.plist;
				LD_RUNPATH_SEARCH_PATHS = "$(inherited) @executable_path/Frameworks @loader_path/Frameworks";
				PRODUCT_BUNDLE_IDENTIFIER = com.redgarage.BetoUITests;
				PRODUCT_NAME = "$(TARGET_NAME)";
				TEST_TARGET_NAME = Beto;
				USES_XCTRUNNER = YES;
			};
			name = Release;
		};
/* End XCBuildConfiguration section */

/* Begin XCConfigurationList section */
		B94F77421C63FB7F00B3A78C /* Build configuration list for PBXProject "Beto" */ = {
			isa = XCConfigurationList;
			buildConfigurations = (
				B94F77711C63FB7F00B3A78C /* Debug */,
				B94F77721C63FB7F00B3A78C /* Release */,
			);
			defaultConfigurationIsVisible = 0;
			defaultConfigurationName = Release;
		};
		B94F77731C63FB7F00B3A78C /* Build configuration list for PBXNativeTarget "Beto" */ = {
			isa = XCConfigurationList;
			buildConfigurations = (
				B94F77741C63FB7F00B3A78C /* Debug */,
				B94F77751C63FB7F00B3A78C /* Release */,
			);
			defaultConfigurationIsVisible = 0;
			defaultConfigurationName = Release;
		};
		B94F77761C63FB7F00B3A78C /* Build configuration list for PBXNativeTarget "BetoTests" */ = {
			isa = XCConfigurationList;
			buildConfigurations = (
				B94F77771C63FB7F00B3A78C /* Debug */,
				B94F77781C63FB7F00B3A78C /* Release */,
			);
			defaultConfigurationIsVisible = 0;
			defaultConfigurationName = Release;
		};
		B94F77791C63FB7F00B3A78C /* Build configuration list for PBXNativeTarget "BetoUITests" */ = {
			isa = XCConfigurationList;
			buildConfigurations = (
				B94F777A1C63FB7F00B3A78C /* Debug */,
				B94F777B1C63FB7F00B3A78C /* Release */,
			);
			defaultConfigurationIsVisible = 0;
			defaultConfigurationName = Release;
		};
/* End XCConfigurationList section */
	};
	rootObject = B94F773F1C63FB7F00B3A78C /* Project object */;
}
