// !$*UTF8*$!
{
	archiveVersion = 1;
	classes = {
	};
	objectVersion = 46;
	objects = {

/* Begin PBXBuildFile section */
		B94F774B1C63FB7F00B3A78C /* AppDelegate.swift in Sources */ = {isa = PBXBuildFile; fileRef = B94F774A1C63FB7F00B3A78C /* AppDelegate.swift */; };
		B94F774F1C63FB7F00B3A78C /* GameScene.swift in Sources */ = {isa = PBXBuildFile; fileRef = B94F774E1C63FB7F00B3A78C /* GameScene.swift */; };
		B94F77511C63FB7F00B3A78C /* GameViewController.swift in Sources */ = {isa = PBXBuildFile; fileRef = B94F77501C63FB7F00B3A78C /* GameViewController.swift */; };
		B94F77541C63FB7F00B3A78C /* Main.storyboard in Resources */ = {isa = PBXBuildFile; fileRef = B94F77521C63FB7F00B3A78C /* Main.storyboard */; };
		B94F77591C63FB7F00B3A78C /* LaunchScreen.storyboard in Resources */ = {isa = PBXBuildFile; fileRef = B94F77571C63FB7F00B3A78C /* LaunchScreen.storyboard */; };
		B94F77641C63FB7F00B3A78C /* BetoTests.swift in Sources */ = {isa = PBXBuildFile; fileRef = B94F77631C63FB7F00B3A78C /* BetoTests.swift */; };
		B94F776F1C63FB7F00B3A78C /* BetoUITests.swift in Sources */ = {isa = PBXBuildFile; fileRef = B94F776E1C63FB7F00B3A78C /* BetoUITests.swift */; };
		B94F777F1C64165F00B3A78C /* UIColor+Beto.swift in Sources */ = {isa = PBXBuildFile; fileRef = B94F777E1C64165F00B3A78C /* UIColor+Beto.swift */; };
		B94F77811C641CA600B3A78C /* Square.swift in Sources */ = {isa = PBXBuildFile; fileRef = B94F77801C641CA600B3A78C /* Square.swift */; };
		B94F77831C64218E00B3A78C /* Squares.atlas in Resources */ = {isa = PBXBuildFile; fileRef = B94F77821C64218E00B3A78C /* Squares.atlas */; };
		B94F77851C64254000B3A78C /* Array2D.swift in Sources */ = {isa = PBXBuildFile; fileRef = B94F77841C64254000B3A78C /* Array2D.swift */; };
		B94F77871C64265F00B3A78C /* Board.swift in Sources */ = {isa = PBXBuildFile; fileRef = B94F77861C64265F00B3A78C /* Board.swift */; };
		B94F778C1C644AAA00B3A78C /* Bet.swift in Sources */ = {isa = PBXBuildFile; fileRef = B94F778B1C644AAA00B3A78C /* Bet.swift */; };
		B94F77941C645C7D00B3A78C /* Chomp.wav in Resources */ = {isa = PBXBuildFile; fileRef = B94F778E1C645C7D00B3A78C /* Chomp.wav */; };
		B94F77951C645C7D00B3A78C /* Drip.wav in Resources */ = {isa = PBXBuildFile; fileRef = B94F778F1C645C7D00B3A78C /* Drip.wav */; };
		B94F77961C645C7D00B3A78C /* Error.wav in Resources */ = {isa = PBXBuildFile; fileRef = B94F77901C645C7D00B3A78C /* Error.wav */; };
		B94F77971C645C7D00B3A78C /* Ka-Ching.wav in Resources */ = {isa = PBXBuildFile; fileRef = B94F77911C645C7D00B3A78C /* Ka-Ching.wav */; };
		B94F77981C645C7D00B3A78C /* Mining by Moonlight.mp3 in Resources */ = {isa = PBXBuildFile; fileRef = B94F77921C645C7D00B3A78C /* Mining by Moonlight.mp3 */; };
		B94F77991C645C7D00B3A78C /* Scrape.wav in Resources */ = {isa = PBXBuildFile; fileRef = B94F77931C645C7D00B3A78C /* Scrape.wav */; };
		B9A3BA4C1C6470C00006400D /* Assets.xcassets in Resources */ = {isa = PBXBuildFile; fileRef = B9A3BA4B1C6470C00006400D /* Assets.xcassets */; };
/* End PBXBuildFile section */

/* Begin PBXContainerItemProxy section */
		B94F77601C63FB7F00B3A78C /* PBXContainerItemProxy */ = {
			isa = PBXContainerItemProxy;
			containerPortal = B94F773F1C63FB7F00B3A78C /* Project object */;
			proxyType = 1;
			remoteGlobalIDString = B94F77461C63FB7F00B3A78C;
			remoteInfo = Beto;
		};
		B94F776B1C63FB7F00B3A78C /* PBXContainerItemProxy */ = {
			isa = PBXContainerItemProxy;
			containerPortal = B94F773F1C63FB7F00B3A78C /* Project object */;
			proxyType = 1;
			remoteGlobalIDString = B94F77461C63FB7F00B3A78C;
			remoteInfo = Beto;
		};
/* End PBXContainerItemProxy section */

/* Begin PBXFileReference section */
		B94F77471C63FB7F00B3A78C /* Beto.app */ = {isa = PBXFileReference; explicitFileType = wrapper.application; includeInIndex = 0; path = Beto.app; sourceTree = BUILT_PRODUCTS_DIR; };
		B94F774A1C63FB7F00B3A78C /* AppDelegate.swift */ = {isa = PBXFileReference; lastKnownFileType = sourcecode.swift; path = AppDelegate.swift; sourceTree = "<group>"; };
		B94F774E1C63FB7F00B3A78C /* GameScene.swift */ = {isa = PBXFileReference; lastKnownFileType = sourcecode.swift; path = GameScene.swift; sourceTree = "<group>"; };
		B94F77501C63FB7F00B3A78C /* GameViewController.swift */ = {isa = PBXFileReference; lastKnownFileType = sourcecode.swift; path = GameViewController.swift; sourceTree = "<group>"; };
		B94F77531C63FB7F00B3A78C /* Base */ = {isa = PBXFileReference; lastKnownFileType = file.storyboard; name = Base; path = Base.lproj/Main.storyboard; sourceTree = "<group>"; };
		B94F77581C63FB7F00B3A78C /* Base */ = {isa = PBXFileReference; lastKnownFileType = file.storyboard; name = Base; path = Base.lproj/LaunchScreen.storyboard; sourceTree = "<group>"; };
		B94F775A1C63FB7F00B3A78C /* Info.plist */ = {isa = PBXFileReference; lastKnownFileType = text.plist.xml; path = Info.plist; sourceTree = "<group>"; };
		B94F775F1C63FB7F00B3A78C /* BetoTests.xctest */ = {isa = PBXFileReference; explicitFileType = wrapper.cfbundle; includeInIndex = 0; path = BetoTests.xctest; sourceTree = BUILT_PRODUCTS_DIR; };
		B94F77631C63FB7F00B3A78C /* BetoTests.swift */ = {isa = PBXFileReference; lastKnownFileType = sourcecode.swift; path = BetoTests.swift; sourceTree = "<group>"; };
		B94F77651C63FB7F00B3A78C /* Info.plist */ = {isa = PBXFileReference; lastKnownFileType = text.plist.xml; path = Info.plist; sourceTree = "<group>"; };
		B94F776A1C63FB7F00B3A78C /* BetoUITests.xctest */ = {isa = PBXFileReference; explicitFileType = wrapper.cfbundle; includeInIndex = 0; path = BetoUITests.xctest; sourceTree = BUILT_PRODUCTS_DIR; };
		B94F776E1C63FB7F00B3A78C /* BetoUITests.swift */ = {isa = PBXFileReference; lastKnownFileType = sourcecode.swift; path = BetoUITests.swift; sourceTree = "<group>"; };
		B94F77701C63FB7F00B3A78C /* Info.plist */ = {isa = PBXFileReference; lastKnownFileType = text.plist.xml; path = Info.plist; sourceTree = "<group>"; };
		B94F777E1C64165F00B3A78C /* UIColor+Beto.swift */ = {isa = PBXFileReference; fileEncoding = 4; lastKnownFileType = sourcecode.swift; path = "UIColor+Beto.swift"; sourceTree = "<group>"; };
		B94F77801C641CA600B3A78C /* Square.swift */ = {isa = PBXFileReference; fileEncoding = 4; lastKnownFileType = sourcecode.swift; path = Square.swift; sourceTree = "<group>"; };
		B94F77821C64218E00B3A78C /* Squares.atlas */ = {isa = PBXFileReference; lastKnownFileType = folder.skatlas; path = Squares.atlas; sourceTree = "<group>"; };
		B94F77841C64254000B3A78C /* Array2D.swift */ = {isa = PBXFileReference; fileEncoding = 4; lastKnownFileType = sourcecode.swift; path = Array2D.swift; sourceTree = "<group>"; };
		B94F77861C64265F00B3A78C /* Board.swift */ = {isa = PBXFileReference; fileEncoding = 4; lastKnownFileType = sourcecode.swift; path = Board.swift; sourceTree = "<group>"; };
		B94F778B1C644AAA00B3A78C /* Bet.swift */ = {isa = PBXFileReference; fileEncoding = 4; lastKnownFileType = sourcecode.swift; path = Bet.swift; sourceTree = "<group>"; };
		B94F778E1C645C7D00B3A78C /* Chomp.wav */ = {isa = PBXFileReference; lastKnownFileType = audio.wav; path = Chomp.wav; sourceTree = "<group>"; };
		B94F778F1C645C7D00B3A78C /* Drip.wav */ = {isa = PBXFileReference; lastKnownFileType = audio.wav; path = Drip.wav; sourceTree = "<group>"; };
		B94F77901C645C7D00B3A78C /* Error.wav */ = {isa = PBXFileReference; lastKnownFileType = audio.wav; path = Error.wav; sourceTree = "<group>"; };
		B94F77911C645C7D00B3A78C /* Ka-Ching.wav */ = {isa = PBXFileReference; lastKnownFileType = audio.wav; path = "Ka-Ching.wav"; sourceTree = "<group>"; };
		B94F77921C645C7D00B3A78C /* Mining by Moonlight.mp3 */ = {isa = PBXFileReference; lastKnownFileType = audio.mp3; path = "Mining by Moonlight.mp3"; sourceTree = "<group>"; };
		B94F77931C645C7D00B3A78C /* Scrape.wav */ = {isa = PBXFileReference; lastKnownFileType = audio.wav; path = Scrape.wav; sourceTree = "<group>"; };
		B9A3BA4B1C6470C00006400D /* Assets.xcassets */ = {isa = PBXFileReference; lastKnownFileType = folder.assetcatalog; name = Assets.xcassets; path = Sounds/Assets.xcassets; sourceTree = "<group>"; };
/* End PBXFileReference section */

/* Begin PBXFrameworksBuildPhase section */
		B94F77441C63FB7F00B3A78C /* Frameworks */ = {
			isa = PBXFrameworksBuildPhase;
			buildActionMask = 2147483647;
			files = (
			);
			runOnlyForDeploymentPostprocessing = 0;
		};
		B94F775C1C63FB7F00B3A78C /* Frameworks */ = {
			isa = PBXFrameworksBuildPhase;
			buildActionMask = 2147483647;
			files = (
			);
			runOnlyForDeploymentPostprocessing = 0;
		};
		B94F77671C63FB7F00B3A78C /* Frameworks */ = {
			isa = PBXFrameworksBuildPhase;
			buildActionMask = 2147483647;
			files = (
			);
			runOnlyForDeploymentPostprocessing = 0;
		};
/* End PBXFrameworksBuildPhase section */

/* Begin PBXGroup section */
		B94F773E1C63FB7F00B3A78C = {
			isa = PBXGroup;
			children = (
				B94F77491C63FB7F00B3A78C /* Beto */,
				B94F77621C63FB7F00B3A78C /* BetoTests */,
				B94F776D1C63FB7F00B3A78C /* BetoUITests */,
				B94F77481C63FB7F00B3A78C /* Products */,
			);
			sourceTree = "<group>";
		};
		B94F77481C63FB7F00B3A78C /* Products */ = {
			isa = PBXGroup;
			children = (
				B94F77471C63FB7F00B3A78C /* Beto.app */,
				B94F775F1C63FB7F00B3A78C /* BetoTests.xctest */,
				B94F776A1C63FB7F00B3A78C /* BetoUITests.xctest */,
			);
			name = Products;
			sourceTree = "<group>";
		};
		B94F77491C63FB7F00B3A78C /* Beto */ = {
			isa = PBXGroup;
			children = (
				B94F774A1C63FB7F00B3A78C /* AppDelegate.swift */,
				B94F77881C642CF100B3A78C /* Models */,
				B94F77891C642D1500B3A78C /* Views */,
				B94F778A1C642D2100B3A78C /* Controller */,
				B94F778D1C645C7D00B3A78C /* Sounds */,
				B9A3BA4B1C6470C00006400D /* Assets.xcassets */,
				B94F77821C64218E00B3A78C /* Squares.atlas */,
				B94F77521C63FB7F00B3A78C /* Main.storyboard */,
				B94F77571C63FB7F00B3A78C /* LaunchScreen.storyboard */,
				B94F775A1C63FB7F00B3A78C /* Info.plist */,
				B94F777E1C64165F00B3A78C /* UIColor+Beto.swift */,
			);
			path = Beto;
			sourceTree = "<group>";
		};
		B94F77621C63FB7F00B3A78C /* BetoTests */ = {
			isa = PBXGroup;
			children = (
				B94F77631C63FB7F00B3A78C /* BetoTests.swift */,
				B94F77651C63FB7F00B3A78C /* Info.plist */,
			);
			path = BetoTests;
			sourceTree = "<group>";
		};
		B94F776D1C63FB7F00B3A78C /* BetoUITests */ = {
			isa = PBXGroup;
			children = (
				B94F776E1C63FB7F00B3A78C /* BetoUITests.swift */,
				B94F77701C63FB7F00B3A78C /* Info.plist */,
			);
			path = BetoUITests;
			sourceTree = "<group>";
		};
		B94F77881C642CF100B3A78C /* Models */ = {
			isa = PBXGroup;
			children = (
				B94F77801C641CA600B3A78C /* Square.swift */,
				B94F77841C64254000B3A78C /* Array2D.swift */,
				B94F77861C64265F00B3A78C /* Board.swift */,
				B94F778B1C644AAA00B3A78C /* Bet.swift */,
			);
			name = Models;
			sourceTree = "<group>";
		};
		B94F77891C642D1500B3A78C /* Views */ = {
			isa = PBXGroup;
			children = (
				B94F774E1C63FB7F00B3A78C /* GameScene.swift */,
			);
			name = Views;
			sourceTree = "<group>";
		};
		B94F778A1C642D2100B3A78C /* Controller */ = {
			isa = PBXGroup;
			children = (
				B94F77501C63FB7F00B3A78C /* GameViewController.swift */,
			);
			name = Controller;
			sourceTree = "<group>";
		};
		B94F778D1C645C7D00B3A78C /* Sounds */ = {
			isa = PBXGroup;
			children = (
				B94F778E1C645C7D00B3A78C /* Chomp.wav */,
				B94F778F1C645C7D00B3A78C /* Drip.wav */,
				B94F77901C645C7D00B3A78C /* Error.wav */,
				B94F77911C645C7D00B3A78C /* Ka-Ching.wav */,
				B94F77921C645C7D00B3A78C /* Mining by Moonlight.mp3 */,
				B94F77931C645C7D00B3A78C /* Scrape.wav */,
			);
			path = Sounds;
			sourceTree = "<group>";
		};
/* End PBXGroup section */

/* Begin PBXNativeTarget section */
		B94F77461C63FB7F00B3A78C /* Beto */ = {
			isa = PBXNativeTarget;
			buildConfigurationList = B94F77731C63FB7F00B3A78C /* Build configuration list for PBXNativeTarget "Beto" */;
			buildPhases = (
				B94F77431C63FB7F00B3A78C /* Sources */,
				B94F77441C63FB7F00B3A78C /* Frameworks */,
				B94F77451C63FB7F00B3A78C /* Resources */,
			);
			buildRules = (
			);
			dependencies = (
			);
			name = Beto;
			productName = Beto;
			productReference = B94F77471C63FB7F00B3A78C /* Beto.app */;
			productType = "com.apple.product-type.application";
		};
		B94F775E1C63FB7F00B3A78C /* BetoTests */ = {
			isa = PBXNativeTarget;
			buildConfigurationList = B94F77761C63FB7F00B3A78C /* Build configuration list for PBXNativeTarget "BetoTests" */;
			buildPhases = (
				B94F775B1C63FB7F00B3A78C /* Sources */,
				B94F775C1C63FB7F00B3A78C /* Frameworks */,
				B94F775D1C63FB7F00B3A78C /* Resources */,
			);
			buildRules = (
			);
			dependencies = (
				B94F77611C63FB7F00B3A78C /* PBXTargetDependency */,
			);
			name = BetoTests;
			productName = BetoTests;
			productReference = B94F775F1C63FB7F00B3A78C /* BetoTests.xctest */;
			productType = "com.apple.product-type.bundle.unit-test";
		};
		B94F77691C63FB7F00B3A78C /* BetoUITests */ = {
			isa = PBXNativeTarget;
			buildConfigurationList = B94F77791C63FB7F00B3A78C /* Build configuration list for PBXNativeTarget "BetoUITests" */;
			buildPhases = (
				B94F77661C63FB7F00B3A78C /* Sources */,
				B94F77671C63FB7F00B3A78C /* Frameworks */,
				B94F77681C63FB7F00B3A78C /* Resources */,
			);
			buildRules = (
			);
			dependencies = (
				B94F776C1C63FB7F00B3A78C /* PBXTargetDependency */,
			);
			name = BetoUITests;
			productName = BetoUITests;
			productReference = B94F776A1C63FB7F00B3A78C /* BetoUITests.xctest */;
			productType = "com.apple.product-type.bundle.ui-testing";
		};
/* End PBXNativeTarget section */

/* Begin PBXProject section */
		B94F773F1C63FB7F00B3A78C /* Project object */ = {
			isa = PBXProject;
			attributes = {
				LastSwiftUpdateCheck = 0720;
				LastUpgradeCheck = 0720;
				ORGANIZATIONNAME = redgarage;
				TargetAttributes = {
					B94F77461C63FB7F00B3A78C = {
						CreatedOnToolsVersion = 7.2;
					};
					B94F775E1C63FB7F00B3A78C = {
						CreatedOnToolsVersion = 7.2;
						TestTargetID = B94F77461C63FB7F00B3A78C;
					};
					B94F77691C63FB7F00B3A78C = {
						CreatedOnToolsVersion = 7.2;
						TestTargetID = B94F77461C63FB7F00B3A78C;
					};
				};
			};
			buildConfigurationList = B94F77421C63FB7F00B3A78C /* Build configuration list for PBXProject "Beto" */;
			compatibilityVersion = "Xcode 3.2";
			developmentRegion = English;
			hasScannedForEncodings = 0;
			knownRegions = (
				en,
				Base,
			);
			mainGroup = B94F773E1C63FB7F00B3A78C;
			productRefGroup = B94F77481C63FB7F00B3A78C /* Products */;
			projectDirPath = "";
			projectRoot = "";
			targets = (
				B94F77461C63FB7F00B3A78C /* Beto */,
				B94F775E1C63FB7F00B3A78C /* BetoTests */,
				B94F77691C63FB7F00B3A78C /* BetoUITests */,
			);
		};
/* End PBXProject section */

/* Begin PBXResourcesBuildPhase section */
		B94F77451C63FB7F00B3A78C /* Resources */ = {
			isa = PBXResourcesBuildPhase;
			buildActionMask = 2147483647;
			files = (
				B94F77991C645C7D00B3A78C /* Scrape.wav in Resources */,
				B94F77831C64218E00B3A78C /* Squares.atlas in Resources */,
				B94F77981C645C7D00B3A78C /* Mining by Moonlight.mp3 in Resources */,
				B94F77951C645C7D00B3A78C /* Drip.wav in Resources */,
				B9A3BA4C1C6470C00006400D /* Assets.xcassets in Resources */,
				B94F77971C645C7D00B3A78C /* Ka-Ching.wav in Resources */,
				B94F77961C645C7D00B3A78C /* Error.wav in Resources */,
				B94F77591C63FB7F00B3A78C /* LaunchScreen.storyboard in Resources */,
				B94F77541C63FB7F00B3A78C /* Main.storyboard in Resources */,
				B94F77941C645C7D00B3A78C /* Chomp.wav in Resources */,
			);
			runOnlyForDeploymentPostprocessing = 0;
		};
		B94F775D1C63FB7F00B3A78C /* Resources */ = {
			isa = PBXResourcesBuildPhase;
			buildActionMask = 2147483647;
			files = (
			);
			runOnlyForDeploymentPostprocessing = 0;
		};
		B94F77681C63FB7F00B3A78C /* Resources */ = {
			isa = PBXResourcesBuildPhase;
			buildActionMask = 2147483647;
			files = (
			);
			runOnlyForDeploymentPostprocessing = 0;
		};
/* End PBXResourcesBuildPhase section */

/* Begin PBXSourcesBuildPhase section */
		B94F77431C63FB7F00B3A78C /* Sources */ = {
			isa = PBXSourcesBuildPhase;
			buildActionMask = 2147483647;
			files = (
				B94F77811C641CA600B3A78C /* Square.swift in Sources */,
				B94F77851C64254000B3A78C /* Array2D.swift in Sources */,
				B94F774F1C63FB7F00B3A78C /* GameScene.swift in Sources */,
				B94F77511C63FB7F00B3A78C /* GameViewController.swift in Sources */,
				B94F77871C64265F00B3A78C /* Board.swift in Sources */,
				B94F774B1C63FB7F00B3A78C /* AppDelegate.swift in Sources */,
				B94F777F1C64165F00B3A78C /* UIColor+Beto.swift in Sources */,
				B94F778C1C644AAA00B3A78C /* Bet.swift in Sources */,
			);
			runOnlyForDeploymentPostprocessing = 0;
		};
		B94F775B1C63FB7F00B3A78C /* Sources */ = {
			isa = PBXSourcesBuildPhase;
			buildActionMask = 2147483647;
			files = (
				B94F77641C63FB7F00B3A78C /* BetoTests.swift in Sources */,
			);
			runOnlyForDeploymentPostprocessing = 0;
		};
		B94F77661C63FB7F00B3A78C /* Sources */ = {
			isa = PBXSourcesBuildPhase;
			buildActionMask = 2147483647;
			files = (
				B94F776F1C63FB7F00B3A78C /* BetoUITests.swift in Sources */,
			);
			runOnlyForDeploymentPostprocessing = 0;
		};
/* End PBXSourcesBuildPhase section */

/* Begin PBXTargetDependency section */
		B94F77611C63FB7F00B3A78C /* PBXTargetDependency */ = {
			isa = PBXTargetDependency;
			target = B94F77461C63FB7F00B3A78C /* Beto */;
			targetProxy = B94F77601C63FB7F00B3A78C /* PBXContainerItemProxy */;
		};
		B94F776C1C63FB7F00B3A78C /* PBXTargetDependency */ = {
			isa = PBXTargetDependency;
			target = B94F77461C63FB7F00B3A78C /* Beto */;
			targetProxy = B94F776B1C63FB7F00B3A78C /* PBXContainerItemProxy */;
		};
/* End PBXTargetDependency section */

/* Begin PBXVariantGroup section */
		B94F77521C63FB7F00B3A78C /* Main.storyboard */ = {
			isa = PBXVariantGroup;
			children = (
				B94F77531C63FB7F00B3A78C /* Base */,
			);
			name = Main.storyboard;
			sourceTree = "<group>";
		};
		B94F77571C63FB7F00B3A78C /* LaunchScreen.storyboard */ = {
			isa = PBXVariantGroup;
			children = (
				B94F77581C63FB7F00B3A78C /* Base */,
			);
			name = LaunchScreen.storyboard;
			sourceTree = "<group>";
		};
/* End PBXVariantGroup section */

/* Begin XCBuildConfiguration section */
		B94F77711C63FB7F00B3A78C /* Debug */ = {
			isa = XCBuildConfiguration;
			buildSettings = {
				ALWAYS_SEARCH_USER_PATHS = NO;
				CLANG_CXX_LANGUAGE_STANDARD = "gnu++0x";
				CLANG_CXX_LIBRARY = "libc++";
				CLANG_ENABLE_MODULES = YES;
				CLANG_ENABLE_OBJC_ARC = YES;
				CLANG_WARN_BOOL_CONVERSION = YES;
				CLANG_WARN_CONSTANT_CONVERSION = YES;
				CLANG_WARN_DIRECT_OBJC_ISA_USAGE = YES_ERROR;
				CLANG_WARN_EMPTY_BODY = YES;
				CLANG_WARN_ENUM_CONVERSION = YES;
				CLANG_WARN_INT_CONVERSION = YES;
				CLANG_WARN_OBJC_ROOT_CLASS = YES_ERROR;
				CLANG_WARN_UNREACHABLE_CODE = YES;
				CLANG_WARN__DUPLICATE_METHOD_MATCH = YES;
				"CODE_SIGN_IDENTITY[sdk=iphoneos*]" = "iPhone Developer";
				COPY_PHASE_STRIP = NO;
				DEBUG_INFORMATION_FORMAT = "dwarf-with-dsym";
				ENABLE_STRICT_OBJC_MSGSEND = YES;
				ENABLE_TESTABILITY = YES;
				GCC_C_LANGUAGE_STANDARD = gnu99;
				GCC_DYNAMIC_NO_PIC = NO;
				GCC_NO_COMMON_BLOCKS = YES;
				GCC_OPTIMIZATION_LEVEL = 0;
				GCC_PREPROCESSOR_DEFINITIONS = (
					"DEBUG=1",
					"$(inherited)",
				);
				GCC_WARN_64_TO_32_BIT_CONVERSION = YES;
				GCC_WARN_ABOUT_RETURN_TYPE = YES_ERROR;
				GCC_WARN_UNDECLARED_SELECTOR = YES;
				GCC_WARN_UNINITIALIZED_AUTOS = YES_AGGRESSIVE;
				GCC_WARN_UNUSED_FUNCTION = YES;
				GCC_WARN_UNUSED_VARIABLE = YES;
				IPHONEOS_DEPLOYMENT_TARGET = 9.2;
				MTL_ENABLE_DEBUG_INFO = YES;
				ONLY_ACTIVE_ARCH = YES;
				SDKROOT = iphoneos;
				SWIFT_OPTIMIZATION_LEVEL = "-Onone";
			};
			name = Debug;
		};
		B94F77721C63FB7F00B3A78C /* Release */ = {
			isa = XCBuildConfiguration;
			buildSettings = {
				ALWAYS_SEARCH_USER_PATHS = NO;
				CLANG_CXX_LANGUAGE_STANDARD = "gnu++0x";
				CLANG_CXX_LIBRARY = "libc++";
				CLANG_ENABLE_MODULES = YES;
				CLANG_ENABLE_OBJC_ARC = YES;
				CLANG_WARN_BOOL_CONVERSION = YES;
				CLANG_WARN_CONSTANT_CONVERSION = YES;
				CLANG_WARN_DIRECT_OBJC_ISA_USAGE = YES_ERROR;
				CLANG_WARN_EMPTY_BODY = YES;
				CLANG_WARN_ENUM_CONVERSION = YES;
				CLANG_WARN_INT_CONVERSION = YES;
				CLANG_WARN_OBJC_ROOT_CLASS = YES_ERROR;
				CLANG_WARN_UNREACHABLE_CODE = YES;
				CLANG_WARN__DUPLICATE_METHOD_MATCH = YES;
				"CODE_SIGN_IDENTITY[sdk=iphoneos*]" = "iPhone Developer";
				COPY_PHASE_STRIP = NO;
				DEBUG_INFORMATION_FORMAT = "dwarf-with-dsym";
				ENABLE_NS_ASSERTIONS = NO;
				ENABLE_STRICT_OBJC_MSGSEND = YES;
				GCC_C_LANGUAGE_STANDARD = gnu99;
				GCC_NO_COMMON_BLOCKS = YES;
				GCC_WARN_64_TO_32_BIT_CONVERSION = YES;
				GCC_WARN_ABOUT_RETURN_TYPE = YES_ERROR;
				GCC_WARN_UNDECLARED_SELECTOR = YES;
				GCC_WARN_UNINITIALIZED_AUTOS = YES_AGGRESSIVE;
				GCC_WARN_UNUSED_FUNCTION = YES;
				GCC_WARN_UNUSED_VARIABLE = YES;
				IPHONEOS_DEPLOYMENT_TARGET = 9.2;
				MTL_ENABLE_DEBUG_INFO = NO;
				SDKROOT = iphoneos;
				VALIDATE_PRODUCT = YES;
			};
			name = Release;
		};
		B94F77741C63FB7F00B3A78C /* Debug */ = {
			isa = XCBuildConfiguration;
			buildSettings = {
				ASSETCATALOG_COMPILER_APPICON_NAME = AppIcon;
				INFOPLIST_FILE = Beto/Info.plist;
				LD_RUNPATH_SEARCH_PATHS = "$(inherited) @executable_path/Frameworks";
				PRODUCT_BUNDLE_IDENTIFIER = com.redgarage.Beto;
				PRODUCT_NAME = "$(TARGET_NAME)";
			};
			name = Debug;
		};
		B94F77751C63FB7F00B3A78C /* Release */ = {
			isa = XCBuildConfiguration;
			buildSettings = {
				ASSETCATALOG_COMPILER_APPICON_NAME = AppIcon;
				INFOPLIST_FILE = Beto/Info.plist;
				LD_RUNPATH_SEARCH_PATHS = "$(inherited) @executable_path/Frameworks";
				PRODUCT_BUNDLE_IDENTIFIER = com.redgarage.Beto;
				PRODUCT_NAME = "$(TARGET_NAME)";
			};
			name = Release;
		};
		B94F77771C63FB7F00B3A78C /* Debug */ = {
			isa = XCBuildConfiguration;
			buildSettings = {
				BUNDLE_LOADER = "$(TEST_HOST)";
				DEBUG_INFORMATION_FORMAT = dwarf;
				INFOPLIST_FILE = BetoTests/Info.plist;
				LD_RUNPATH_SEARCH_PATHS = "$(inherited) @executable_path/Frameworks @loader_path/Frameworks";
				PRODUCT_BUNDLE_IDENTIFIER = com.redgarage.BetoTests;
				PRODUCT_NAME = "$(TARGET_NAME)";
				TEST_HOST = "$(BUILT_PRODUCTS_DIR)/Beto.app/Beto";
			};
			name = Debug;
		};
		B94F77781C63FB7F00B3A78C /* Release */ = {
			isa = XCBuildConfiguration;
			buildSettings = {
				BUNDLE_LOADER = "$(TEST_HOST)";
				INFOPLIST_FILE = BetoTests/Info.plist;
				LD_RUNPATH_SEARCH_PATHS = "$(inherited) @executable_path/Frameworks @loader_path/Frameworks";
				PRODUCT_BUNDLE_IDENTIFIER = com.redgarage.BetoTests;
				PRODUCT_NAME = "$(TARGET_NAME)";
				TEST_HOST = "$(BUILT_PRODUCTS_DIR)/Beto.app/Beto";
			};
			name = Release;
		};
		B94F777A1C63FB7F00B3A78C /* Debug */ = {
			isa = XCBuildConfiguration;
			buildSettings = {
				DEBUG_INFORMATION_FORMAT = dwarf;
				INFOPLIST_FILE = BetoUITests/Info.plist;
				LD_RUNPATH_SEARCH_PATHS = "$(inherited) @executable_path/Frameworks @loader_path/Frameworks";
				PRODUCT_BUNDLE_IDENTIFIER = com.redgarage.BetoUITests;
				PRODUCT_NAME = "$(TARGET_NAME)";
				TEST_TARGET_NAME = Beto;
				USES_XCTRUNNER = YES;
			};
			name = Debug;
		};
		B94F777B1C63FB7F00B3A78C /* Release */ = {
			isa = XCBuildConfiguration;
			buildSettings = {
				INFOPLIST_FILE = BetoUITests/Info.plist;
				LD_RUNPATH_SEARCH_PATHS = "$(inherited) @executable_path/Frameworks @loader_path/Frameworks";
				PRODUCT_BUNDLE_IDENTIFIER = com.redgarage.BetoUITests;
				PRODUCT_NAME = "$(TARGET_NAME)";
				TEST_TARGET_NAME = Beto;
				USES_XCTRUNNER = YES;
			};
			name = Release;
		};
/* End XCBuildConfiguration section */

/* Begin XCConfigurationList section */
		B94F77421C63FB7F00B3A78C /* Build configuration list for PBXProject "Beto" */ = {
			isa = XCConfigurationList;
			buildConfigurations = (
				B94F77711C63FB7F00B3A78C /* Debug */,
				B94F77721C63FB7F00B3A78C /* Release */,
			);
			defaultConfigurationIsVisible = 0;
			defaultConfigurationName = Release;
		};
		B94F77731C63FB7F00B3A78C /* Build configuration list for PBXNativeTarget "Beto" */ = {
			isa = XCConfigurationList;
			buildConfigurations = (
				B94F77741C63FB7F00B3A78C /* Debug */,
				B94F77751C63FB7F00B3A78C /* Release */,
			);
			defaultConfigurationIsVisible = 0;
			defaultConfigurationName = Release;
		};
		B94F77761C63FB7F00B3A78C /* Build configuration list for PBXNativeTarget "BetoTests" */ = {
			isa = XCConfigurationList;
			buildConfigurations = (
				B94F77771C63FB7F00B3A78C /* Debug */,
				B94F77781C63FB7F00B3A78C /* Release */,
			);
			defaultConfigurationIsVisible = 0;
			defaultConfigurationName = Release;
		};
		B94F77791C63FB7F00B3A78C /* Build configuration list for PBXNativeTarget "BetoUITests" */ = {
			isa = XCConfigurationList;
			buildConfigurations = (
				B94F777A1C63FB7F00B3A78C /* Debug */,
				B94F777B1C63FB7F00B3A78C /* Release */,
			);
			defaultConfigurationIsVisible = 0;
			defaultConfigurationName = Release;
		};
/* End XCConfigurationList section */
	};
	rootObject = B94F773F1C63FB7F00B3A78C /* Project object */;
}
